{
  "nodes": {
    "advisory-db": {
      "flake": false,
      "locked": {
        "lastModified": 1710178103,
        "narHash": "sha256-Zg8JWAjMWHXtpUI7/nUC8iq3jKONLNSGQSBno5Rho8A=",
        "owner": "rustsec",
        "repo": "advisory-db",
        "rev": "61f79bd5454eb6999417bea4701aa101c0897410",
        "type": "github"
      },
      "original": {
        "owner": "rustsec",
        "repo": "advisory-db",
        "type": "github"
      }
    },
    "crane": {
      "inputs": {
        "nixpkgs": [
          "nixpkgs"
        ]
      },
      "locked": {
        "lastModified": 1710003968,
        "narHash": "sha256-g8+K+mLiNG5uch35Oy9oDQBAmGSkCcqrd0Jjme7xiG0=",
        "owner": "ipetkov",
        "repo": "crane",
        "rev": "10484f86201bb94bd61ecc5335b1496794fedb78",
        "type": "github"
      },
      "original": {
        "owner": "ipetkov",
        "repo": "crane",
        "type": "github"
      }
    },
    "devshell": {
      "inputs": {
        "flake-utils": [
          "flake-utils"
        ],
        "nixpkgs": [
          "nixpkgs"
        ]
      },
      "locked": {
        "lastModified": 1710156081,
        "narHash": "sha256-4PMY6aumJi5dLFjBzF5O4flKXmadMNq3AGUHKYfchh0=",
        "owner": "numtide",
        "repo": "devshell",
        "rev": "bc68b058dc7e6d4d6befc4ec6c60082b6e844b7d",
        "type": "github"
      },
      "original": {
        "owner": "numtide",
        "repo": "devshell",
        "type": "github"
      }
    },
    "fenix": {
      "inputs": {
        "nixpkgs": [
          "nixpkgs"
        ],
        "rust-analyzer-src": "rust-analyzer-src"
      },
      "locked": {
        "lastModified": 1710310970,
        "narHash": "sha256-YREcSnbDH7Es6MDvhmzPBBF3exEg2EP4sd3QCiPyWyI=",
        "owner": "nix-community",
        "repo": "fenix",
        "rev": "df74cae97f59a868ad355af6a703e7845d0ae648",
        "type": "github"
      },
      "original": {
        "owner": "nix-community",
        "repo": "fenix",
        "type": "github"
      }
    },
    "flake-compat": {
      "flake": false,
      "locked": {
        "lastModified": 1688025799,
        "narHash": "sha256-ktpB4dRtnksm9F5WawoIkEneh1nrEvuxb5lJFt1iOyw=",
        "owner": "nix-community",
        "repo": "flake-compat",
        "rev": "8bf105319d44f6b9f0d764efa4fdef9f1cc9ba1c",
        "type": "github"
      },
      "original": {
        "owner": "nix-community",
        "repo": "flake-compat",
        "type": "github"
      }
    },
    "flake-utils": {
      "inputs": {
        "systems": [
          "systems"
        ]
      },
      "locked": {
        "lastModified": 1710146030,
        "narHash": "sha256-SZ5L6eA7HJ/nmkzGG7/ISclqe6oZdOZTNoesiInkXPQ=",
        "owner": "numtide",
        "repo": "flake-utils",
        "rev": "b1d9ab70662946ef0850d488da1c9019f3a9752a",
        "type": "github"
      },
      "original": {
        "owner": "numtide",
        "repo": "flake-utils",
        "type": "github"
      }
    },
    "nixpkgs": {
      "locked": {
        "lastModified": 1715407555,
        "narHash": "sha256-Ssd959C+UrmIplPf/VhgIzBaUKm0Q0Y4EgVVDEy2Qgo=",
        "owner": "msfjarvis",
        "repo": "nixpkgs",
        "rev": "f9fc5a7c627674ed391e94b5e1dc347075fe6e08",
        "type": "github"
      },
      "original": {
        "owner": "msfjarvis",
        "ref": "nixpkgs-unstable",
        "repo": "nixpkgs",
        "type": "github"
      }
    },
    "root": {
      "inputs": {
        "advisory-db": "advisory-db",
        "crane": "crane",
        "devshell": "devshell",
        "fenix": "fenix",
        "flake-compat": "flake-compat",
        "flake-utils": "flake-utils",
        "nixpkgs": "nixpkgs",
        "systems": "systems"
      }
    },
    "rust-analyzer-src": {
      "flake": false,
      "locked": {
        "lastModified": 1710248332,
        "narHash": "sha256-5Ozfx1xSscOrdCQoTLvcJHTtxgQ15YrXpjqce4vdzkQ=",
        "owner": "rust-lang",
        "repo": "rust-analyzer",
        "rev": "a2e274142f35d21fd28d28655f4af8e8531ab649",
        "type": "github"
      },
      "original": {
        "owner": "rust-lang",
        "ref": "nightly",
        "repo": "rust-analyzer",
        "type": "github"
      }
    },
    "systems": {
      "locked": {
        "lastModified": 1687694171,
        "narHash": "sha256-m4E0xN69qKj/oKOj8OtiZcSFpFlO8paI6E3Wo5oXDJc=",
        "owner": "msfjarvis",
        "repo": "flake-systems",
        "rev": "7876462a5f60841e8b2712ad20dc18470f448e8d",
        "type": "github"
      },
      "original": {
        "owner": "msfjarvis",
        "repo": "flake-systems",
        "type": "github"
      }
    }
  },
  "root": "root",
  "version": 7
}
